// !$*UTF8*$!
{
	archiveVersion = 1;
	classes = {
	};
	objectVersion = 55;
	objects = {

/* Begin PBXBuildFile section */
		60A3754E2796C1A50059F1D1 /* AppDelegate.swift in Sources */ = {isa = PBXBuildFile; fileRef = 60A3754D2796C1A50059F1D1 /* AppDelegate.swift */; };
		60A375502796C1A50059F1D1 /* SceneDelegate.swift in Sources */ = {isa = PBXBuildFile; fileRef = 60A3754F2796C1A50059F1D1 /* SceneDelegate.swift */; };
		60A375522796C1A50059F1D1 /* ViewController.swift in Sources */ = {isa = PBXBuildFile; fileRef = 60A375512796C1A50059F1D1 /* ViewController.swift */; };
		60A375552796C1A50059F1D1 /* Main.storyboard in Resources */ = {isa = PBXBuildFile; fileRef = 60A375532796C1A50059F1D1 /* Main.storyboard */; };
		60A375572796C1A80059F1D1 /* Assets.xcassets in Resources */ = {isa = PBXBuildFile; fileRef = 60A375562796C1A80059F1D1 /* Assets.xcassets */; };
		60A3755A2796C1A80059F1D1 /* LaunchScreen.storyboard in Resources */ = {isa = PBXBuildFile; fileRef = 60A375582796C1A80059F1D1 /* LaunchScreen.storyboard */; };
		60A375652796C1A80059F1D1 /* StaticWebView_DemoTests.swift in Sources */ = {isa = PBXBuildFile; fileRef = 60A375642796C1A80059F1D1 /* StaticWebView_DemoTests.swift */; };
		60A3756F2796C1A90059F1D1 /* StaticWebView_DemoUITests.swift in Sources */ = {isa = PBXBuildFile; fileRef = 60A3756E2796C1A90059F1D1 /* StaticWebView_DemoUITests.swift */; };
		60A375712796C1A90059F1D1 /* StaticWebView_DemoUITestsLaunchTests.swift in Sources */ = {isa = PBXBuildFile; fileRef = 60A375702796C1A90059F1D1 /* StaticWebView_DemoUITestsLaunchTests.swift */; };
		89980EA02796D93D00039B52 /* web in Resources */ = {isa = PBXBuildFile; fileRef = 89980E9F2796D93D00039B52 /* web */; };
/* End PBXBuildFile section */

/* Begin PBXContainerItemProxy section */
		60A375612796C1A80059F1D1 /* PBXContainerItemProxy */ = {
			isa = PBXContainerItemProxy;
			containerPortal = 60A375422796C1A50059F1D1 /* Project object */;
			proxyType = 1;
			remoteGlobalIDString = 60A375492796C1A50059F1D1;
			remoteInfo = "StaticWebView-Demo";
		};
		60A3756B2796C1A90059F1D1 /* PBXContainerItemProxy */ = {
			isa = PBXContainerItemProxy;
			containerPortal = 60A375422796C1A50059F1D1 /* Project object */;
			proxyType = 1;
			remoteGlobalIDString = 60A375492796C1A50059F1D1;
			remoteInfo = "StaticWebView-Demo";
		};
/* End PBXContainerItemProxy section */

/* Begin PBXFileReference section */
		60A3754A2796C1A50059F1D1 /* StaticWebView-Demo.app */ = {isa = PBXFileReference; explicitFileType = wrapper.application; includeInIndex = 0; path = "StaticWebView-Demo.app"; sourceTree = BUILT_PRODUCTS_DIR; };
		60A3754D2796C1A50059F1D1 /* AppDelegate.swift */ = {isa = PBXFileReference; lastKnownFileType = sourcecode.swift; path = AppDelegate.swift; sourceTree = "<group>"; };
		60A3754F2796C1A50059F1D1 /* SceneDelegate.swift */ = {isa = PBXFileReference; lastKnownFileType = sourcecode.swift; path = SceneDelegate.swift; sourceTree = "<group>"; };
		60A375512796C1A50059F1D1 /* ViewController.swift */ = {isa = PBXFileReference; lastKnownFileType = sourcecode.swift; path = ViewController.swift; sourceTree = "<group>"; };
		60A375542796C1A50059F1D1 /* Base */ = {isa = PBXFileReference; lastKnownFileType = file.storyboard; name = Base; path = Base.lproj/Main.storyboard; sourceTree = "<group>"; };
		60A375562796C1A80059F1D1 /* Assets.xcassets */ = {isa = PBXFileReference; lastKnownFileType = folder.assetcatalog; path = Assets.xcassets; sourceTree = "<group>"; };
		60A375592796C1A80059F1D1 /* Base */ = {isa = PBXFileReference; lastKnownFileType = file.storyboard; name = Base; path = Base.lproj/LaunchScreen.storyboard; sourceTree = "<group>"; };
		60A3755B2796C1A80059F1D1 /* Info.plist */ = {isa = PBXFileReference; lastKnownFileType = text.plist.xml; path = Info.plist; sourceTree = "<group>"; };
		60A375602796C1A80059F1D1 /* StaticWebView-DemoTests.xctest */ = {isa = PBXFileReference; explicitFileType = wrapper.cfbundle; includeInIndex = 0; path = "StaticWebView-DemoTests.xctest"; sourceTree = BUILT_PRODUCTS_DIR; };
		60A375642796C1A80059F1D1 /* StaticWebView_DemoTests.swift */ = {isa = PBXFileReference; lastKnownFileType = sourcecode.swift; path = StaticWebView_DemoTests.swift; sourceTree = "<group>"; };
		60A3756A2796C1A80059F1D1 /* StaticWebView-DemoUITests.xctest */ = {isa = PBXFileReference; explicitFileType = wrapper.cfbundle; includeInIndex = 0; path = "StaticWebView-DemoUITests.xctest"; sourceTree = BUILT_PRODUCTS_DIR; };
		60A3756E2796C1A90059F1D1 /* StaticWebView_DemoUITests.swift */ = {isa = PBXFileReference; lastKnownFileType = sourcecode.swift; path = StaticWebView_DemoUITests.swift; sourceTree = "<group>"; };
		60A375702796C1A90059F1D1 /* StaticWebView_DemoUITestsLaunchTests.swift */ = {isa = PBXFileReference; lastKnownFileType = sourcecode.swift; path = StaticWebView_DemoUITestsLaunchTests.swift; sourceTree = "<group>"; };
		89980E9F2796D93D00039B52 /* web */ = {isa = PBXFileReference; lastKnownFileType = folder; path = web; sourceTree = "<group>"; };
/* End PBXFileReference section */

/* Begin PBXFrameworksBuildPhase section */
		60A375472796C1A50059F1D1 /* Frameworks */ = {
			isa = PBXFrameworksBuildPhase;
			buildActionMask = 2147483647;
			files = (
			);
			runOnlyForDeploymentPostprocessing = 0;
		};
		60A3755D2796C1A80059F1D1 /* Frameworks */ = {
			isa = PBXFrameworksBuildPhase;
			buildActionMask = 2147483647;
			files = (
			);
			runOnlyForDeploymentPostprocessing = 0;
		};
		60A375672796C1A80059F1D1 /* Frameworks */ = {
			isa = PBXFrameworksBuildPhase;
			buildActionMask = 2147483647;
			files = (
			);
			runOnlyForDeploymentPostprocessing = 0;
		};
/* End PBXFrameworksBuildPhase section */

/* Begin PBXGroup section */
		60A375412796C1A50059F1D1 = {
			isa = PBXGroup;
			children = (
				60A3754C2796C1A50059F1D1 /* StaticWebView-Demo */,
				60A375632796C1A80059F1D1 /* StaticWebView-DemoTests */,
				60A3756D2796C1A90059F1D1 /* StaticWebView-DemoUITests */,
				60A3754B2796C1A50059F1D1 /* Products */,
			);
			sourceTree = "<group>";
		};
		60A3754B2796C1A50059F1D1 /* Products */ = {
			isa = PBXGroup;
			children = (
				60A3754A2796C1A50059F1D1 /* StaticWebView-Demo.app */,
				60A375602796C1A80059F1D1 /* StaticWebView-DemoTests.xctest */,
				60A3756A2796C1A80059F1D1 /* StaticWebView-DemoUITests.xctest */,
			);
			name = Products;
			sourceTree = "<group>";
		};
		60A3754C2796C1A50059F1D1 /* StaticWebView-Demo */ = {
			isa = PBXGroup;
			children = (
				89980E9F2796D93D00039B52 /* web */,
				60A3754D2796C1A50059F1D1 /* AppDelegate.swift */,
				60A3754F2796C1A50059F1D1 /* SceneDelegate.swift */,
				60A375512796C1A50059F1D1 /* ViewController.swift */,
				60A375532796C1A50059F1D1 /* Main.storyboard */,
				60A375562796C1A80059F1D1 /* Assets.xcassets */,
				60A375582796C1A80059F1D1 /* LaunchScreen.storyboard */,
				60A3755B2796C1A80059F1D1 /* Info.plist */,
			);
			path = "StaticWebView-Demo";
			sourceTree = "<group>";
		};
		60A375632796C1A80059F1D1 /* StaticWebView-DemoTests */ = {
			isa = PBXGroup;
			children = (
				60A375642796C1A80059F1D1 /* StaticWebView_DemoTests.swift */,
			);
			path = "StaticWebView-DemoTests";
			sourceTree = "<group>";
		};
		60A3756D2796C1A90059F1D1 /* StaticWebView-DemoUITests */ = {
			isa = PBXGroup;
			children = (
				60A3756E2796C1A90059F1D1 /* StaticWebView_DemoUITests.swift */,
				60A375702796C1A90059F1D1 /* StaticWebView_DemoUITestsLaunchTests.swift */,
			);
			path = "StaticWebView-DemoUITests";
			sourceTree = "<group>";
		};
/* End PBXGroup section */

/* Begin PBXNativeTarget section */
		60A375492796C1A50059F1D1 /* StaticWebView-Demo */ = {
			isa = PBXNativeTarget;
			buildConfigurationList = 60A375742796C1A90059F1D1 /* Build configuration list for PBXNativeTarget "StaticWebView-Demo" */;
			buildPhases = (
				60A375462796C1A50059F1D1 /* Sources */,
				60A375472796C1A50059F1D1 /* Frameworks */,
				60A375482796C1A50059F1D1 /* Resources */,
			);
			buildRules = (
			);
			dependencies = (
			);
			name = "StaticWebView-Demo";
			productName = "StaticWebView-Demo";
			productReference = 60A3754A2796C1A50059F1D1 /* StaticWebView-Demo.app */;
			productType = "com.apple.product-type.application";
		};
		60A3755F2796C1A80059F1D1 /* StaticWebView-DemoTests */ = {
			isa = PBXNativeTarget;
			buildConfigurationList = 60A375772796C1A90059F1D1 /* Build configuration list for PBXNativeTarget "StaticWebView-DemoTests" */;
			buildPhases = (
				60A3755C2796C1A80059F1D1 /* Sources */,
				60A3755D2796C1A80059F1D1 /* Frameworks */,
				60A3755E2796C1A80059F1D1 /* Resources */,
			);
			buildRules = (
			);
			dependencies = (
				60A375622796C1A80059F1D1 /* PBXTargetDependency */,
			);
			name = "StaticWebView-DemoTests";
			productName = "StaticWebView-DemoTests";
			productReference = 60A375602796C1A80059F1D1 /* StaticWebView-DemoTests.xctest */;
			productType = "com.apple.product-type.bundle.unit-test";
		};
		60A375692796C1A80059F1D1 /* StaticWebView-DemoUITests */ = {
			isa = PBXNativeTarget;
			buildConfigurationList = 60A3757A2796C1A90059F1D1 /* Build configuration list for PBXNativeTarget "StaticWebView-DemoUITests" */;
			buildPhases = (
				60A375662796C1A80059F1D1 /* Sources */,
				60A375672796C1A80059F1D1 /* Frameworks */,
				60A375682796C1A80059F1D1 /* Resources */,
			);
			buildRules = (
			);
			dependencies = (
				60A3756C2796C1A90059F1D1 /* PBXTargetDependency */,
			);
			name = "StaticWebView-DemoUITests";
			productName = "StaticWebView-DemoUITests";
			productReference = 60A3756A2796C1A80059F1D1 /* StaticWebView-DemoUITests.xctest */;
			productType = "com.apple.product-type.bundle.ui-testing";
		};
/* End PBXNativeTarget section */

/* Begin PBXProject section */
		60A375422796C1A50059F1D1 /* Project object */ = {
			isa = PBXProject;
			attributes = {
				BuildIndependentTargetsInParallel = 1;
				LastSwiftUpdateCheck = 1300;
				LastUpgradeCheck = 1300;
				TargetAttributes = {
					60A375492796C1A50059F1D1 = {
						CreatedOnToolsVersion = 13.0;
					};
					60A3755F2796C1A80059F1D1 = {
						CreatedOnToolsVersion = 13.0;
						TestTargetID = 60A375492796C1A50059F1D1;
					};
					60A375692796C1A80059F1D1 = {
						CreatedOnToolsVersion = 13.0;
						TestTargetID = 60A375492796C1A50059F1D1;
					};
				};
			};
			buildConfigurationList = 60A375452796C1A50059F1D1 /* Build configuration list for PBXProject "StaticWebView-Demo" */;
			compatibilityVersion = "Xcode 13.0";
			developmentRegion = en;
			hasScannedForEncodings = 0;
			knownRegions = (
				en,
				Base,
			);
			mainGroup = 60A375412796C1A50059F1D1;
			productRefGroup = 60A3754B2796C1A50059F1D1 /* Products */;
			projectDirPath = "";
			projectRoot = "";
			targets = (
				60A375492796C1A50059F1D1 /* StaticWebView-Demo */,
				60A3755F2796C1A80059F1D1 /* StaticWebView-DemoTests */,
				60A375692796C1A80059F1D1 /* StaticWebView-DemoUITests */,
			);
		};
/* End PBXProject section */

/* Begin PBXResourcesBuildPhase section */
		60A375482796C1A50059F1D1 /* Resources */ = {
			isa = PBXResourcesBuildPhase;
			buildActionMask = 2147483647;
			files = (
				60A3755A2796C1A80059F1D1 /* LaunchScreen.storyboard in Resources */,
				89980EA02796D93D00039B52 /* web in Resources */,
				60A375572796C1A80059F1D1 /* Assets.xcassets in Resources */,
				60A375552796C1A50059F1D1 /* Main.storyboard in Resources */,
			);
			runOnlyForDeploymentPostprocessing = 0;
		};
		60A3755E2796C1A80059F1D1 /* Resources */ = {
			isa = PBXResourcesBuildPhase;
			buildActionMask = 2147483647;
			files = (
			);
			runOnlyForDeploymentPostprocessing = 0;
		};
		60A375682796C1A80059F1D1 /* Resources */ = {
			isa = PBXResourcesBuildPhase;
			buildActionMask = 2147483647;
			files = (
			);
			runOnlyForDeploymentPostprocessing = 0;
		};
/* End PBXResourcesBuildPhase section */

/* Begin PBXSourcesBuildPhase section */
		60A375462796C1A50059F1D1 /* Sources */ = {
			isa = PBXSourcesBuildPhase;
			buildActionMask = 2147483647;
			files = (
				60A375522796C1A50059F1D1 /* ViewController.swift in Sources */,
				60A3754E2796C1A50059F1D1 /* AppDelegate.swift in Sources */,
				60A375502796C1A50059F1D1 /* SceneDelegate.swift in Sources */,
			);
			runOnlyForDeploymentPostprocessing = 0;
		};
		60A3755C2796C1A80059F1D1 /* Sources */ = {
			isa = PBXSourcesBuildPhase;
			buildActionMask = 2147483647;
			files = (
				60A375652796C1A80059F1D1 /* StaticWebView_DemoTests.swift in Sources */,
			);
			runOnlyForDeploymentPostprocessing = 0;
		};
		60A375662796C1A80059F1D1 /* Sources */ = {
			isa = PBXSourcesBuildPhase;
			buildActionMask = 2147483647;
			files = (
				60A3756F2796C1A90059F1D1 /* StaticWebView_DemoUITests.swift in Sources */,
				60A375712796C1A90059F1D1 /* StaticWebView_DemoUITestsLaunchTests.swift in Sources */,
			);
			runOnlyForDeploymentPostprocessing = 0;
		};
/* End PBXSourcesBuildPhase section */

/* Begin PBXTargetDependency section */
		60A375622796C1A80059F1D1 /* PBXTargetDependency */ = {
			isa = PBXTargetDependency;
			target = 60A375492796C1A50059F1D1 /* StaticWebView-Demo */;
			targetProxy = 60A375612796C1A80059F1D1 /* PBXContainerItemProxy */;
		};
		60A3756C2796C1A90059F1D1 /* PBXTargetDependency */ = {
			isa = PBXTargetDependency;
			target = 60A375492796C1A50059F1D1 /* StaticWebView-Demo */;
			targetProxy = 60A3756B2796C1A90059F1D1 /* PBXContainerItemProxy */;
		};
/* End PBXTargetDependency section */

/* Begin PBXVariantGroup section */
		60A375532796C1A50059F1D1 /* Main.storyboard */ = {
			isa = PBXVariantGroup;
			children = (
				60A375542796C1A50059F1D1 /* Base */,
			);
			name = Main.storyboard;
			sourceTree = "<group>";
		};
		60A375582796C1A80059F1D1 /* LaunchScreen.storyboard */ = {
			isa = PBXVariantGroup;
			children = (
				60A375592796C1A80059F1D1 /* Base */,
			);
			name = LaunchScreen.storyboard;
			sourceTree = "<group>";
		};
/* End PBXVariantGroup section */

/* Begin XCBuildConfiguration section */
		60A375722796C1A90059F1D1 /* Debug */ = {
			isa = XCBuildConfiguration;
			buildSettings = {
				ALWAYS_SEARCH_USER_PATHS = NO;
				CLANG_ANALYZER_NONNULL = YES;
				CLANG_ANALYZER_NUMBER_OBJECT_CONVERSION = YES_AGGRESSIVE;
				CLANG_CXX_LANGUAGE_STANDARD = "gnu++17";
				CLANG_CXX_LIBRARY = "libc++";
				CLANG_ENABLE_MODULES = YES;
				CLANG_ENABLE_OBJC_ARC = YES;
				CLANG_ENABLE_OBJC_WEAK = YES;
				CLANG_WARN_BLOCK_CAPTURE_AUTORELEASING = YES;
				CLANG_WARN_BOOL_CONVERSION = YES;
				CLANG_WARN_COMMA = YES;
				CLANG_WARN_CONSTANT_CONVERSION = YES;
				CLANG_WARN_DEPRECATED_OBJC_IMPLEMENTATIONS = YES;
				CLANG_WARN_DIRECT_OBJC_ISA_USAGE = YES_ERROR;
				CLANG_WARN_DOCUMENTATION_COMMENTS = YES;
				CLANG_WARN_EMPTY_BODY = YES;
				CLANG_WARN_ENUM_CONVERSION = YES;
				CLANG_WARN_INFINITE_RECURSION = YES;
				CLANG_WARN_INT_CONVERSION = YES;
				CLANG_WARN_NON_LITERAL_NULL_CONVERSION = YES;
				CLANG_WARN_OBJC_IMPLICIT_RETAIN_SELF = YES;
				CLANG_WARN_OBJC_LITERAL_CONVERSION = YES;
				CLANG_WARN_OBJC_ROOT_CLASS = YES_ERROR;
				CLANG_WARN_QUOTED_INCLUDE_IN_FRAMEWORK_HEADER = YES;
				CLANG_WARN_RANGE_LOOP_ANALYSIS = YES;
				CLANG_WARN_STRICT_PROTOTYPES = YES;
				CLANG_WARN_SUSPICIOUS_MOVE = YES;
				CLANG_WARN_UNGUARDED_AVAILABILITY = YES_AGGRESSIVE;
				CLANG_WARN_UNREACHABLE_CODE = YES;
				CLANG_WARN__DUPLICATE_METHOD_MATCH = YES;
				COPY_PHASE_STRIP = NO;
				DEBUG_INFORMATION_FORMAT = dwarf;
				ENABLE_STRICT_OBJC_MSGSEND = YES;
				ENABLE_TESTABILITY = YES;
				GCC_C_LANGUAGE_STANDARD = gnu11;
				GCC_DYNAMIC_NO_PIC = NO;
				GCC_NO_COMMON_BLOCKS = YES;
				GCC_OPTIMIZATION_LEVEL = 0;
				GCC_PREPROCESSOR_DEFINITIONS = (
					"DEBUG=1",
					"$(inherited)",
				);
				GCC_WARN_64_TO_32_BIT_CONVERSION = YES;
				GCC_WARN_ABOUT_RETURN_TYPE = YES_ERROR;
				GCC_WARN_UNDECLARED_SELECTOR = YES;
				GCC_WARN_UNINITIALIZED_AUTOS = YES_AGGRESSIVE;
				GCC_WARN_UNUSED_FUNCTION = YES;
				GCC_WARN_UNUSED_VARIABLE = YES;
				IPHONEOS_DEPLOYMENT_TARGET = 15.0;
				MTL_ENABLE_DEBUG_INFO = INCLUDE_SOURCE;
				MTL_FAST_MATH = YES;
				ONLY_ACTIVE_ARCH = YES;
				SDKROOT = iphoneos;
				SWIFT_ACTIVE_COMPILATION_CONDITIONS = DEBUG;
				SWIFT_OPTIMIZATION_LEVEL = "-Onone";
			};
			name = Debug;
		};
		60A375732796C1A90059F1D1 /* Release */ = {
			isa = XCBuildConfiguration;
			buildSettings = {
				ALWAYS_SEARCH_USER_PATHS = NO;
				CLANG_ANALYZER_NONNULL = YES;
				CLANG_ANALYZER_NUMBER_OBJECT_CONVERSION = YES_AGGRESSIVE;
				CLANG_CXX_LANGUAGE_STANDARD = "gnu++17";
				CLANG_CXX_LIBRARY = "libc++";
				CLANG_ENABLE_MODULES = YES;
				CLANG_ENABLE_OBJC_ARC = YES;
				CLANG_ENABLE_OBJC_WEAK = YES;
				CLANG_WARN_BLOCK_CAPTURE_AUTORELEASING = YES;
				CLANG_WARN_BOOL_CONVERSION = YES;
				CLANG_WARN_COMMA = YES;
				CLANG_WARN_CONSTANT_CONVERSION = YES;
				CLANG_WARN_DEPRECATED_OBJC_IMPLEMENTATIONS = YES;
				CLANG_WARN_DIRECT_OBJC_ISA_USAGE = YES_ERROR;
				CLANG_WARN_DOCUMENTATION_COMMENTS = YES;
				CLANG_WARN_EMPTY_BODY = YES;
				CLANG_WARN_ENUM_CONVERSION = YES;
				CLANG_WARN_INFINITE_RECURSION = YES;
				CLANG_WARN_INT_CONVERSION = YES;
				CLANG_WARN_NON_LITERAL_NULL_CONVERSION = YES;
				CLANG_WARN_OBJC_IMPLICIT_RETAIN_SELF = YES;
				CLANG_WARN_OBJC_LITERAL_CONVERSION = YES;
				CLANG_WARN_OBJC_ROOT_CLASS = YES_ERROR;
				CLANG_WARN_QUOTED_INCLUDE_IN_FRAMEWORK_HEADER = YES;
				CLANG_WARN_RANGE_LOOP_ANALYSIS = YES;
				CLANG_WARN_STRICT_PROTOTYPES = YES;
				CLANG_WARN_SUSPICIOUS_MOVE = YES;
				CLANG_WARN_UNGUARDED_AVAILABILITY = YES_AGGRESSIVE;
				CLANG_WARN_UNREACHABLE_CODE = YES;
				CLANG_WARN__DUPLICATE_METHOD_MATCH = YES;
				COPY_PHASE_STRIP = NO;
				DEBUG_INFORMATION_FORMAT = "dwarf-with-dsym";
				ENABLE_NS_ASSERTIONS = NO;
				ENABLE_STRICT_OBJC_MSGSEND = YES;
				GCC_C_LANGUAGE_STANDARD = gnu11;
				GCC_NO_COMMON_BLOCKS = YES;
				GCC_WARN_64_TO_32_BIT_CONVERSION = YES;
				GCC_WARN_ABOUT_RETURN_TYPE = YES_ERROR;
				GCC_WARN_UNDECLARED_SELECTOR = YES;
				GCC_WARN_UNINITIALIZED_AUTOS = YES_AGGRESSIVE;
				GCC_WARN_UNUSED_FUNCTION = YES;
				GCC_WARN_UNUSED_VARIABLE = YES;
				IPHONEOS_DEPLOYMENT_TARGET = 15.0;
				MTL_ENABLE_DEBUG_INFO = NO;
				MTL_FAST_MATH = YES;
				SDKROOT = iphoneos;
				SWIFT_COMPILATION_MODE = wholemodule;
				SWIFT_OPTIMIZATION_LEVEL = "-O";
				VALIDATE_PRODUCT = YES;
			};
			name = Release;
		};
		60A375752796C1A90059F1D1 /* Debug */ = {
			isa = XCBuildConfiguration;
			buildSettings = {
				ASSETCATALOG_COMPILER_APPICON_NAME = AppIcon;
				ASSETCATALOG_COMPILER_GLOBAL_ACCENT_COLOR_NAME = AccentColor;
				CODE_SIGN_STYLE = Automatic;
				CURRENT_PROJECT_VERSION = 1;
				DEVELOPMENT_TEAM = W658279988;
				GENERATE_INFOPLIST_FILE = YES;
				INFOPLIST_FILE = "StaticWebView-Demo/Info.plist";
				INFOPLIST_KEY_UIApplicationSupportsIndirectInputEvents = YES;
				INFOPLIST_KEY_UILaunchStoryboardName = LaunchScreen;
				INFOPLIST_KEY_UIMainStoryboardFile = Main;
				INFOPLIST_KEY_UISupportedInterfaceOrientations_iPad = "UIInterfaceOrientationPortrait UIInterfaceOrientationPortraitUpsideDown UIInterfaceOrientationLandscapeLeft UIInterfaceOrientationLandscapeRight";
				INFOPLIST_KEY_UISupportedInterfaceOrientations_iPhone = "UIInterfaceOrientationPortrait UIInterfaceOrientationLandscapeLeft UIInterfaceOrientationLandscapeRight";
				IPHONEOS_DEPLOYMENT_TARGET = 14.7;
				LD_RUNPATH_SEARCH_PATHS = (
					"$(inherited)",
					"@executable_path/Frameworks",
				);
				MARKETING_VERSION = 1.0;
				PRODUCT_BUNDLE_IDENTIFIER = "test.StaticWebView-Demo";
				PRODUCT_NAME = "$(TARGET_NAME)";
				SWIFT_EMIT_LOC_STRINGS = YES;
				SWIFT_VERSION = 5.0;
				TARGETED_DEVICE_FAMILY = "1,2";
			};
			name = Debug;
		};
		60A375762796C1A90059F1D1 /* Release */ = {
			isa = XCBuildConfiguration;
			buildSettings = {
				ASSETCATALOG_COMPILER_APPICON_NAME = AppIcon;
				ASSETCATALOG_COMPILER_GLOBAL_ACCENT_COLOR_NAME = AccentColor;
				CODE_SIGN_STYLE = Automatic;
				CURRENT_PROJECT_VERSION = 1;
				DEVELOPMENT_TEAM = W658279988;
				GENERATE_INFOPLIST_FILE = YES;
				INFOPLIST_FILE = "StaticWebView-Demo/Info.plist";
				INFOPLIST_KEY_UIApplicationSupportsIndirectInputEvents = YES;
				INFOPLIST_KEY_UILaunchStoryboardName = LaunchScreen;
				INFOPLIST_KEY_UIMainStoryboardFile = Main;
				INFOPLIST_KEY_UISupportedInterfaceOrientations_iPad = "UIInterfaceOrientationPortrait UIInterfaceOrientationPortraitUpsideDown UIInterfaceOrientationLandscapeLeft UIInterfaceOrientationLandscapeRight";
				INFOPLIST_KEY_UISupportedInterfaceOrientations_iPhone = "UIInterfaceOrientationPortrait UIInterfaceOrientationLandscapeLeft UIInterfaceOrientationLandscapeRight";
				IPHONEOS_DEPLOYMENT_TARGET = 14.7;
				LD_RUNPATH_SEARCH_PATHS = (
					"$(inherited)",
					"@executable_path/Frameworks",
				);
				MARKETING_VERSION = 1.0;
				PRODUCT_BUNDLE_IDENTIFIER = "test.StaticWebView-Demo";
				PRODUCT_NAME = "$(TARGET_NAME)";
				SWIFT_EMIT_LOC_STRINGS = YES;
				SWIFT_VERSION = 5.0;
				TARGETED_DEVICE_FAMILY = "1,2";
			};
			name = Release;
		};
		60A375782796C1A90059F1D1 /* Debug */ = {
			isa = XCBuildConfiguration;
			buildSettings = {
				ALWAYS_EMBED_SWIFT_STANDARD_LIBRARIES = YES;
				BUNDLE_LOADER = "$(TEST_HOST)";
				CODE_SIGN_STYLE = Automatic;
				CURRENT_PROJECT_VERSION = 1;
				GENERATE_INFOPLIST_FILE = YES;
				IPHONEOS_DEPLOYMENT_TARGET = 15.0;
				LD_RUNPATH_SEARCH_PATHS = (
					"$(inherited)",
					"@executable_path/Frameworks",
					"@loader_path/Frameworks",
				);
				MARKETING_VERSION = 1.0;
				PRODUCT_BUNDLE_IDENTIFIER = "test.StaticWebView-DemoTests";
				PRODUCT_NAME = "$(TARGET_NAME)";
				SWIFT_EMIT_LOC_STRINGS = NO;
				SWIFT_VERSION = 5.0;
				TARGETED_DEVICE_FAMILY = "1,2";
				TEST_HOST = "$(BUILT_PRODUCTS_DIR)/StaticWebView-Demo.app/StaticWebView-Demo";
			};
			name = Debug;
		};
		60A375792796C1A90059F1D1 /* Release */ = {
			isa = XCBuildConfiguration;
			buildSettings = {
				ALWAYS_EMBED_SWIFT_STANDARD_LIBRARIES = YES;
				BUNDLE_LOADER = "$(TEST_HOST)";
				CODE_SIGN_STYLE = Automatic;
				CURRENT_PROJECT_VERSION = 1;
				GENERATE_INFOPLIST_FILE = YES;
				IPHONEOS_DEPLOYMENT_TARGET = 15.0;
				LD_RUNPATH_SEARCH_PATHS = (
					"$(inherited)",
					"@executable_path/Frameworks",
					"@loader_path/Frameworks",
				);
				MARKETING_VERSION = 1.0;
				PRODUCT_BUNDLE_IDENTIFIER = "test.StaticWebView-DemoTests";
				PRODUCT_NAME = "$(TARGET_NAME)";
				SWIFT_EMIT_LOC_STRINGS = NO;
				SWIFT_VERSION = 5.0;
				TARGETED_DEVICE_FAMILY = "1,2";
				TEST_HOST = "$(BUILT_PRODUCTS_DIR)/StaticWebView-Demo.app/StaticWebView-Demo";
			};
			name = Release;
		};
		60A3757B2796C1A90059F1D1 /* Debug */ = {
			isa = XCBuildConfiguration;
			buildSettings = {
				ALWAYS_EMBED_SWIFT_STANDARD_LIBRARIES = YES;
				CODE_SIGN_STYLE = Automatic;
				CURRENT_PROJECT_VERSION = 1;
				GENERATE_INFOPLIST_FILE = YES;
				LD_RUNPATH_SEARCH_PATHS = (
					"$(inherited)",
					"@executable_path/Frameworks",
					"@loader_path/Frameworks",
				);
				MARKETING_VERSION = 1.0;
				PRODUCT_BUNDLE_IDENTIFIER = "test.StaticWebView-DemoUITests";
				PRODUCT_NAME = "$(TARGET_NAME)";
				SWIFT_EMIT_LOC_STRINGS = NO;
				SWIFT_VERSION = 5.0;
				TARGETED_DEVICE_FAMILY = "1,2";
				TEST_TARGET_NAME = "StaticWebView-Demo";
			};
			name = Debug;
		};
		60A3757C2796C1A90059F1D1 /* Release */ = {
			isa = XCBuildConfiguration;
			buildSettings = {
				ALWAYS_EMBED_SWIFT_STANDARD_LIBRARIES = YES;
				CODE_SIGN_STYLE = Automatic;
				CURRENT_PROJECT_VERSION = 1;
				GENERATE_INFOPLIST_FILE = YES;
				LD_RUNPATH_SEARCH_PATHS = (
					"$(inherited)",
					"@executable_path/Frameworks",
					"@loader_path/Frameworks",
				);
				MARKETING_VERSION = 1.0;
				PRODUCT_BUNDLE_IDENTIFIER = "test.StaticWebView-DemoUITests";
				PRODUCT_NAME = "$(TARGET_NAME)";
				SWIFT_EMIT_LOC_STRINGS = NO;
				SWIFT_VERSION = 5.0;
				TARGETED_DEVICE_FAMILY = "1,2";
				TEST_TARGET_NAME = "StaticWebView-Demo";
			};
			name = Release;
		};
/* End XCBuildConfiguration section */

/* Begin XCConfigurationList section */
		60A375452796C1A50059F1D1 /* Build configuration list for PBXProject "StaticWebView-Demo" */ = {
			isa = XCConfigurationList;
			buildConfigurations = (
				60A375722796C1A90059F1D1 /* Debug */,
				60A375732796C1A90059F1D1 /* Release */,
			);
			defaultConfigurationIsVisible = 0;
			defaultConfigurationName = Release;
		};
		60A375742796C1A90059F1D1 /* Build configuration list for PBXNativeTarget "StaticWebView-Demo" */ = {
			isa = XCConfigurationList;
			buildConfigurations = (
				60A375752796C1A90059F1D1 /* Debug */,
				60A375762796C1A90059F1D1 /* Release */,
			);
			defaultConfigurationIsVisible = 0;
			defaultConfigurationName = Release;
		};
		60A375772796C1A90059F1D1 /* Build configuration list for PBXNativeTarget "StaticWebView-DemoTests" */ = {
			isa = XCConfigurationList;
			buildConfigurations = (
				60A375782796C1A90059F1D1 /* Debug */,
				60A375792796C1A90059F1D1 /* Release */,
			);
			defaultConfigurationIsVisible = 0;
			defaultConfigurationName = Release;
		};
		60A3757A2796C1A90059F1D1 /* Build configuration list for PBXNativeTarget "StaticWebView-DemoUITests" */ = {
			isa = XCConfigurationList;
			buildConfigurations = (
				60A3757B2796C1A90059F1D1 /* Debug */,
				60A3757C2796C1A90059F1D1 /* Release */,
			);
			defaultConfigurationIsVisible = 0;
			defaultConfigurationName = Release;
		};
/* End XCConfigurationList section */
	};
	rootObject = 60A375422796C1A50059F1D1 /* Project object */;
}
